
Microsoft Visual Studio Solution File, Format Version 12.00
# Visual Studio Version 17
VisualStudioVersion = 17.10.35122.118
MinimumVisualStudioVersion = 10.0.40219.1
Project("{FAE04EC0-301F-11D3-BF4B-00C04F79EFBC}") = "IDMS.BatchJob.Service", "IDMS.BatchJob.Service\IDMS.BatchJob.Service.csproj", "{3481CF71-9F14-409F-94F6-84EF2C79C0E3}"
EndProject
Global
	GlobalSection(SolutionConfigurationPlatforms) = preSolution
		Debug|Any CPU = Debug|Any CPU
		Release|Any CPU = Release|Any CPU
	EndGlobalSection
	GlobalSection(ProjectConfigurationPlatforms) = postSolution
		{3481CF71-9F14-409F-94F6-84EF2C79C0E3}.Debug|Any CPU.ActiveCfg = Debug|Any CPU
		{3481CF71-9F14-409F-94F6-84EF2C79C0E3}.Debug|Any CPU.Build.0 = Debug|Any CPU
		{3481CF71-9F14-409F-94F6-84EF2C79C0E3}.Release|Any CPU.ActiveCfg = Release|Any CPU
		{3481CF71-9F14-409F-94F6-84EF2C79C0E3}.Release|Any CPU.Build.0 = Release|Any CPU
	EndGlobalSection
	GlobalSection(SolutionProperties) = preSolution
		HideSolutionNode = FALSE
	EndGlobalSection
	GlobalSection(ExtensibilityGlobals) = postSolution
		SolutionGuid = {A2CFBD1E-CF8A-4AFF-A334-9189827E6DF2}
	EndGlobalSection
EndGlobal
