
Microsoft Visual Studio Solution File, Format Version 12.00
# Visual Studio Version 17
VisualStudioVersion = 17.11.35222.181
MinimumVisualStudioVersion = 10.0.40219.1
Project("{9A19103F-16F7-4668-BE54-9A1E7A4F7556}") = "IDMS.Master.Application", "IDMS.Master.Application\IDMS.Master.Application.csproj", "{E4210289-8CBD-45DF-8AA0-E2146A7AC414}"
EndProject
Project("{9A19103F-16F7-4668-BE54-9A1E7A4F7556}") = "IDMS.EstimateTemplate.GqlTypes", "IDMS.EstimateTemplate\IDMS.EstimateTemplate.GqlTypes.csproj", "{F791FF52-0654-40F4-8837-7670AED3BC97}"
EndProject
Project("{9A19103F-16F7-4668-BE54-9A1E7A4F7556}") = "IDMS.Models", "..\..\Models\IDMS.Models\IDMS.Models.csproj", "{AA988104-A3F8-4CF5-A427-A4385F8575A6}"
EndProject
Project("{9A19103F-16F7-4668-BE54-9A1E7A4F7556}") = "IDMS.Customer.GqlTypes", "IDMS.Customer\IDMS.Customer.GqlTypes.csproj", "{17B1A5A9-CCF0-4C85-90CC-A96EC9F78ED4}"
EndProject
Project("{2150E333-8FDC-42A3-9474-1A3956D46DE8}") = "CusCompany", "CusCompany", "{2BD7641F-5296-4815-854A-97596A035808}"
EndProject
Project("{2150E333-8FDC-42A3-9474-1A3956D46DE8}") = "EstimateTemplate", "EstimateTemplate", "{1870ADD4-B43C-48B9-81DF-161B69DEB60B}"
EndProject
Project("{FAE04EC0-301F-11D3-BF4B-00C04F79EFBC}") = "IDMS.Parameter.GqlTypes", "IDMS.Parameter\IDMS.Parameter.GqlTypes.csproj", "{C109B69E-D4AF-B1BA-0642-5A70A3A8F38F}"
EndProject
Project("{2150E333-8FDC-42A3-9474-1A3956D46DE8}") = "Parameter", "Parameter", "{02EA681E-C7D8-13C7-8484-4AC65E1B71E8}"
EndProject
Global
	GlobalSection(SolutionConfigurationPlatforms) = preSolution
		Debug|Any CPU = Debug|Any CPU
		Release|Any CPU = Release|Any CPU
	EndGlobalSection
	GlobalSection(ProjectConfigurationPlatforms) = postSolution
		{E4210289-8CBD-45DF-8AA0-E2146A7AC414}.Debug|Any CPU.ActiveCfg = Debug|Any CPU
		{E4210289-8CBD-45DF-8AA0-E2146A7AC414}.Debug|Any CPU.Build.0 = Debug|Any CPU
		{E4210289-8CBD-45DF-8AA0-E2146A7AC414}.Release|Any CPU.ActiveCfg = Release|Any CPU
		{E4210289-8CBD-45DF-8AA0-E2146A7AC414}.Release|Any CPU.Build.0 = Release|Any CPU
		{F791FF52-0654-40F4-8837-7670AED3BC97}.Debug|Any CPU.ActiveCfg = Debug|Any CPU
		{F791FF52-0654-40F4-8837-7670AED3BC97}.Debug|Any CPU.Build.0 = Debug|Any CPU
		{F791FF52-0654-40F4-8837-7670AED3BC97}.Release|Any CPU.ActiveCfg = Release|Any CPU
		{F791FF52-0654-40F4-8837-7670AED3BC97}.Release|Any CPU.Build.0 = Release|Any CPU
		{AA988104-A3F8-4CF5-A427-A4385F8575A6}.Debug|Any CPU.ActiveCfg = Debug|Any CPU
		{AA988104-A3F8-4CF5-A427-A4385F8575A6}.Debug|Any CPU.Build.0 = Debug|Any CPU
		{AA988104-A3F8-4CF5-A427-A4385F8575A6}.Release|Any CPU.ActiveCfg = Release|Any CPU
		{AA988104-A3F8-4CF5-A427-A4385F8575A6}.Release|Any CPU.Build.0 = Release|Any CPU
		{17B1A5A9-CCF0-4C85-90CC-A96EC9F78ED4}.Debug|Any CPU.ActiveCfg = Debug|Any CPU
		{17B1A5A9-CCF0-4C85-90CC-A96EC9F78ED4}.Debug|Any CPU.Build.0 = Debug|Any CPU
		{17B1A5A9-CCF0-4C85-90CC-A96EC9F78ED4}.Release|Any CPU.ActiveCfg = Release|Any CPU
		{17B1A5A9-CCF0-4C85-90CC-A96EC9F78ED4}.Release|Any CPU.Build.0 = Release|Any CPU
		{C109B69E-D4AF-B1BA-0642-5A70A3A8F38F}.Debug|Any CPU.ActiveCfg = Debug|Any CPU
		{C109B69E-D4AF-B1BA-0642-5A70A3A8F38F}.Debug|Any CPU.Build.0 = Debug|Any CPU
		{C109B69E-D4AF-B1BA-0642-5A70A3A8F38F}.Release|Any CPU.ActiveCfg = Release|Any CPU
		{C109B69E-D4AF-B1BA-0642-5A70A3A8F38F}.Release|Any CPU.Build.0 = Release|Any CPU
	EndGlobalSection
	GlobalSection(SolutionProperties) = preSolution
		HideSolutionNode = FALSE
	EndGlobalSection
	GlobalSection(NestedProjects) = preSolution
		{F791FF52-0654-40F4-8837-7670AED3BC97} = {1870ADD4-B43C-48B9-81DF-161B69DEB60B}
		{17B1A5A9-CCF0-4C85-90CC-A96EC9F78ED4} = {2BD7641F-5296-4815-854A-97596A035808}
		{C109B69E-D4AF-B1BA-0642-5A70A3A8F38F} = {02EA681E-C7D8-13C7-8484-4AC65E1B71E8}
	EndGlobalSection
	GlobalSection(ExtensibilityGlobals) = postSolution
		SolutionGuid = {D9793387-3E64-440D-9C2A-80C031A4C6D2}
	EndGlobalSection
EndGlobal
