
Microsoft Visual Studio Solution File, Format Version 12.00
# Visual Studio Version 17
VisualStudioVersion = 17.11.35222.181
MinimumVisualStudioVersion = 10.0.40219.1
Project("{FAE04EC0-301F-11D3-BF4B-00C04F79EFBC}") = "IDMS.Master.Application", "IDMS.MasterMS\IDMS.Master.Application.csproj", "{E4210289-8CBD-45DF-8AA0-E2146A7AC414}"
EndProject
Project("{FAE04EC0-301F-11D3-BF4B-00C04F79EFBC}") = "IDMS.EstimateTemplate.GqlTypes", "IDMS.EstimateTemplate.GqlTypes\IDMS.EstimateTemplate.GqlTypes.csproj", "{F791FF52-0654-40F4-8837-7670AED3BC97}"
EndProject
Project("{9A19103F-16F7-4668-BE54-9A1E7A4F7556}") = "IDMS.Models", "..\..\..\Models\IDMS.Models\IDMS.Models.csproj", "{AA988104-A3F8-4CF5-A427-A4385F8575A6}"
EndProject
Global
	GlobalSection(SolutionConfigurationPlatforms) = preSolution
		Debug|Any CPU = Debug|Any CPU
		Release|Any CPU = Release|Any CPU
	EndGlobalSection
	GlobalSection(ProjectConfigurationPlatforms) = postSolution
		{E4210289-8CBD-45DF-8AA0-E2146A7AC414}.Debug|Any CPU.ActiveCfg = Debug|Any CPU
		{E4210289-8CBD-45DF-8AA0-E2146A7AC414}.Debug|Any CPU.Build.0 = Debug|Any CPU
		{E4210289-8CBD-45DF-8AA0-E2146A7AC414}.Release|Any CPU.ActiveCfg = Release|Any CPU
		{E4210289-8CBD-45DF-8AA0-E2146A7AC414}.Release|Any CPU.Build.0 = Release|Any CPU
		{F791FF52-0654-40F4-8837-7670AED3BC97}.Debug|Any CPU.ActiveCfg = Debug|Any CPU
		{F791FF52-0654-40F4-8837-7670AED3BC97}.Debug|Any CPU.Build.0 = Debug|Any CPU
		{F791FF52-0654-40F4-8837-7670AED3BC97}.Release|Any CPU.ActiveCfg = Release|Any CPU
		{F791FF52-0654-40F4-8837-7670AED3BC97}.Release|Any CPU.Build.0 = Release|Any CPU
		{AA988104-A3F8-4CF5-A427-A4385F8575A6}.Debug|Any CPU.ActiveCfg = Debug|Any CPU
		{AA988104-A3F8-4CF5-A427-A4385F8575A6}.Debug|Any CPU.Build.0 = Debug|Any CPU
		{AA988104-A3F8-4CF5-A427-A4385F8575A6}.Release|Any CPU.ActiveCfg = Release|Any CPU
		{AA988104-A3F8-4CF5-A427-A4385F8575A6}.Release|Any CPU.Build.0 = Release|Any CPU
	EndGlobalSection
	GlobalSection(SolutionProperties) = preSolution
		HideSolutionNode = FALSE
	EndGlobalSection
	GlobalSection(ExtensibilityGlobals) = postSolution
		SolutionGuid = {D9793387-3E64-440D-9C2A-80C031A4C6D2}
	EndGlobalSection
EndGlobal
