
Microsoft Visual Studio Solution File, Format Version 12.00
# Visual Studio Version 17
VisualStudioVersion = 17.7.34018.315
MinimumVisualStudioVersion = 10.0.40219.1
Project("{FAE04EC0-301F-11D3-BF4B-00C04F79EFBC}") = "SolaceUtil.Core.Interface", "SolaceUtil.Core.Interface\SolaceUtil.Core.Interface.csproj", "{381F54CC-73DA-4500-9A31-206F0BB1D10B}"
EndProject
Project("{FAE04EC0-301F-11D3-BF4B-00C04F79EFBC}") = "SolaceUtil.Core.Service", "SolaceUtil.Core.Service\SolaceUtil.Core.Service.csproj", "{9716E765-DF87-4141-8916-A08B98BDE949}"
EndProject
Global
	GlobalSection(SolutionConfigurationPlatforms) = preSolution
		Debug|Any CPU = Debug|Any CPU
		Release|Any CPU = Release|Any CPU
	EndGlobalSection
	GlobalSection(ProjectConfigurationPlatforms) = postSolution
		{381F54CC-73DA-4500-9A31-206F0BB1D10B}.Debug|Any CPU.ActiveCfg = Debug|Any CPU
		{381F54CC-73DA-4500-9A31-206F0BB1D10B}.Debug|Any CPU.Build.0 = Debug|Any CPU
		{381F54CC-73DA-4500-9A31-206F0BB1D10B}.Release|Any CPU.ActiveCfg = Release|Any CPU
		{381F54CC-73DA-4500-9A31-206F0BB1D10B}.Release|Any CPU.Build.0 = Release|Any CPU
		{9716E765-DF87-4141-8916-A08B98BDE949}.Debug|Any CPU.ActiveCfg = Debug|Any CPU
		{9716E765-DF87-4141-8916-A08B98BDE949}.Debug|Any CPU.Build.0 = Debug|Any CPU
		{9716E765-DF87-4141-8916-A08B98BDE949}.Release|Any CPU.ActiveCfg = Release|Any CPU
		{9716E765-DF87-4141-8916-A08B98BDE949}.Release|Any CPU.Build.0 = Release|Any CPU
	EndGlobalSection
	GlobalSection(SolutionProperties) = preSolution
		HideSolutionNode = FALSE
	EndGlobalSection
	GlobalSection(ExtensibilityGlobals) = postSolution
		SolutionGuid = {13E91153-A058-4E27-97B4-719922B12272}
	EndGlobalSection
EndGlobal
