
Microsoft Visual Studio Solution File, Format Version 12.00
# Visual Studio Version 17
VisualStudioVersion = 17.10.34928.147
MinimumVisualStudioVersion = 10.0.40219.1
Project("{9A19103F-16F7-4668-BE54-9A1E7A4F7556}") = "IDMS.Booking.Application", "IDMS.Booking.Application\IDMS.Booking.Application.csproj", "{C67EC3EC-8883-4497-8C78-402786F8AF0A}"
EndProject
Project("{9A19103F-16F7-4668-BE54-9A1E7A4F7556}") = "IDMS.Booking.GqlTypes", "IDMS.Booking.GqlTypes\IDMS.Booking.GqlTypes.csproj", "{ACC6F5F8-AE7A-4556-9686-13B0C26A95AA}"
EndProject
Project("{9A19103F-16F7-4668-BE54-9A1E7A4F7556}") = "IDMS.Booking.Model", "IDMS.Booking.Model\IDMS.Booking.Model.csproj", "{26740B81-8B32-43CA-88C5-79322FCEAF24}"
EndProject
Project("{9A19103F-16F7-4668-BE54-9A1E7A4F7556}") = "IDMS.Models", "..\..\..\Models\IDMS.Models\IDMS.Models.csproj", "{5495D0B7-A036-49F3-8CD3-3DCEC84FE53B}"
EndProject
Global
	GlobalSection(SolutionConfigurationPlatforms) = preSolution
		Debug|Any CPU = Debug|Any CPU
		Release|Any CPU = Release|Any CPU
	EndGlobalSection
	GlobalSection(ProjectConfigurationPlatforms) = postSolution
		{C67EC3EC-8883-4497-8C78-402786F8AF0A}.Debug|Any CPU.ActiveCfg = Debug|Any CPU
		{C67EC3EC-8883-4497-8C78-402786F8AF0A}.Debug|Any CPU.Build.0 = Debug|Any CPU
		{C67EC3EC-8883-4497-8C78-402786F8AF0A}.Release|Any CPU.ActiveCfg = Release|Any CPU
		{C67EC3EC-8883-4497-8C78-402786F8AF0A}.Release|Any CPU.Build.0 = Release|Any CPU
		{ACC6F5F8-AE7A-4556-9686-13B0C26A95AA}.Debug|Any CPU.ActiveCfg = Debug|Any CPU
		{ACC6F5F8-AE7A-4556-9686-13B0C26A95AA}.Debug|Any CPU.Build.0 = Debug|Any CPU
		{ACC6F5F8-AE7A-4556-9686-13B0C26A95AA}.Release|Any CPU.ActiveCfg = Release|Any CPU
		{ACC6F5F8-AE7A-4556-9686-13B0C26A95AA}.Release|Any CPU.Build.0 = Release|Any CPU
		{26740B81-8B32-43CA-88C5-79322FCEAF24}.Debug|Any CPU.ActiveCfg = Debug|Any CPU
		{26740B81-8B32-43CA-88C5-79322FCEAF24}.Debug|Any CPU.Build.0 = Debug|Any CPU
		{26740B81-8B32-43CA-88C5-79322FCEAF24}.Release|Any CPU.ActiveCfg = Release|Any CPU
		{26740B81-8B32-43CA-88C5-79322FCEAF24}.Release|Any CPU.Build.0 = Release|Any CPU
		{5495D0B7-A036-49F3-8CD3-3DCEC84FE53B}.Debug|Any CPU.ActiveCfg = Debug|Any CPU
		{5495D0B7-A036-49F3-8CD3-3DCEC84FE53B}.Debug|Any CPU.Build.0 = Debug|Any CPU
		{5495D0B7-A036-49F3-8CD3-3DCEC84FE53B}.Release|Any CPU.ActiveCfg = Release|Any CPU
		{5495D0B7-A036-49F3-8CD3-3DCEC84FE53B}.Release|Any CPU.Build.0 = Release|Any CPU
	EndGlobalSection
	GlobalSection(SolutionProperties) = preSolution
		HideSolutionNode = FALSE
	EndGlobalSection
	GlobalSection(ExtensibilityGlobals) = postSolution
		SolutionGuid = {B228F0A5-61E2-4EC1-8BE6-E9375993D524}
	EndGlobalSection
EndGlobal
