
Microsoft Visual Studio Solution File, Format Version 12.00
# Visual Studio Version 17
VisualStudioVersion = 17.9.34607.119
MinimumVisualStudioVersion = 10.0.40219.1
Project("{9A19103F-16F7-4668-BE54-9A1E7A4F7556}") = "IDMS.Parameter.Application", "IDMS.Parameter.Application\IDMS.Parameter.Application.csproj", "{5EBF585A-0F39-4002-A714-AD08B4A9AC09}"
EndProject
Project("{9A19103F-16F7-4668-BE54-9A1E7A4F7556}") = "IDMS.Parameter.GqlTypes", "IDMS.Parameter\IDMS.Parameter.GqlTypes.csproj", "{F71BB51F-EBAC-4448-88ED-F7C1CF95848C}"
EndProject
Project("{9A19103F-16F7-4668-BE54-9A1E7A4F7556}") = "IDMS.Models", "..\..\Models\IDMS.Models\IDMS.Models.csproj", "{496420D5-477E-4DCA-9F7E-0D3C28C9A761}"
EndProject
Global
	GlobalSection(SolutionConfigurationPlatforms) = preSolution
		Debug|Any CPU = Debug|Any CPU
		Release|Any CPU = Release|Any CPU
	EndGlobalSection
	GlobalSection(ProjectConfigurationPlatforms) = postSolution
		{5EBF585A-0F39-4002-A714-AD08B4A9AC09}.Debug|Any CPU.ActiveCfg = Debug|Any CPU
		{5EBF585A-0F39-4002-A714-AD08B4A9AC09}.Debug|Any CPU.Build.0 = Debug|Any CPU
		{5EBF585A-0F39-4002-A714-AD08B4A9AC09}.Release|Any CPU.ActiveCfg = Release|Any CPU
		{5EBF585A-0F39-4002-A714-AD08B4A9AC09}.Release|Any CPU.Build.0 = Release|Any CPU
		{F71BB51F-EBAC-4448-88ED-F7C1CF95848C}.Debug|Any CPU.ActiveCfg = Debug|Any CPU
		{F71BB51F-EBAC-4448-88ED-F7C1CF95848C}.Debug|Any CPU.Build.0 = Debug|Any CPU
		{F71BB51F-EBAC-4448-88ED-F7C1CF95848C}.Release|Any CPU.ActiveCfg = Release|Any CPU
		{F71BB51F-EBAC-4448-88ED-F7C1CF95848C}.Release|Any CPU.Build.0 = Release|Any CPU
		{496420D5-477E-4DCA-9F7E-0D3C28C9A761}.Debug|Any CPU.ActiveCfg = Debug|Any CPU
		{496420D5-477E-4DCA-9F7E-0D3C28C9A761}.Debug|Any CPU.Build.0 = Debug|Any CPU
		{496420D5-477E-4DCA-9F7E-0D3C28C9A761}.Release|Any CPU.ActiveCfg = Release|Any CPU
		{496420D5-477E-4DCA-9F7E-0D3C28C9A761}.Release|Any CPU.Build.0 = Release|Any CPU
	EndGlobalSection
	GlobalSection(SolutionProperties) = preSolution
		HideSolutionNode = FALSE
	EndGlobalSection
	GlobalSection(ExtensibilityGlobals) = postSolution
		SolutionGuid = {BB661651-E918-4350-8D15-3D8269FE6723}
	EndGlobalSection
EndGlobal
