
Microsoft Visual Studio Solution File, Format Version 12.00
# Visual Studio Version 17
VisualStudioVersion = 17.9.34607.119
MinimumVisualStudioVersion = 10.0.40219.1
Project("{FAE04EC0-301F-11D3-BF4B-00C04F79EFBC}") = "DWMS.Models", "DWMS.Models.csproj", "{510D33F1-F68D-4903-9001-95E0D0F6980E}"
EndProject
Global
	GlobalSection(SolutionConfigurationPlatforms) = preSolution
		Debug|Any CPU = Debug|Any CPU
		Release|Any CPU = Release|Any CPU
	EndGlobalSection
	GlobalSection(ProjectConfigurationPlatforms) = postSolution
		{510D33F1-F68D-4903-9001-95E0D0F6980E}.Debug|Any CPU.ActiveCfg = Debug|Any CPU
		{510D33F1-F68D-4903-9001-95E0D0F6980E}.Debug|Any CPU.Build.0 = Debug|Any CPU
		{510D33F1-F68D-4903-9001-95E0D0F6980E}.Release|Any CPU.ActiveCfg = Release|Any CPU
		{510D33F1-F68D-4903-9001-95E0D0F6980E}.Release|Any CPU.Build.0 = Release|Any CPU
	EndGlobalSection
	GlobalSection(SolutionProperties) = preSolution
		HideSolutionNode = FALSE
	EndGlobalSection
	GlobalSection(ExtensibilityGlobals) = postSolution
		SolutionGuid = {B59EBBA3-83CC-42F9-95F5-B19FE556369F}
	EndGlobalSection
EndGlobal
