
Microsoft Visual Studio Solution File, Format Version 12.00
# Visual Studio Version 17
VisualStudioVersion = 17.10.34928.147
MinimumVisualStudioVersion = 10.0.40219.1
Project("{FAE04EC0-301F-11D3-BF4B-00C04F79EFBC}") = "InventoryBaseModel", "InventoryBaseModel\InventoryBaseModel.csproj", "{AF00075B-20C4-4E95-B7D9-FE58AD04D18B}"
EndProject
Global
	GlobalSection(SolutionConfigurationPlatforms) = preSolution
		Debug|Any CPU = Debug|Any CPU
		Release|Any CPU = Release|Any CPU
	EndGlobalSection
	GlobalSection(ProjectConfigurationPlatforms) = postSolution
		{AF00075B-20C4-4E95-B7D9-FE58AD04D18B}.Debug|Any CPU.ActiveCfg = Debug|Any CPU
		{AF00075B-20C4-4E95-B7D9-FE58AD04D18B}.Debug|Any CPU.Build.0 = Debug|Any CPU
		{AF00075B-20C4-4E95-B7D9-FE58AD04D18B}.Release|Any CPU.ActiveCfg = Release|Any CPU
		{AF00075B-20C4-4E95-B7D9-FE58AD04D18B}.Release|Any CPU.Build.0 = Release|Any CPU
	EndGlobalSection
	GlobalSection(SolutionProperties) = preSolution
		HideSolutionNode = FALSE
	EndGlobalSection
	GlobalSection(ExtensibilityGlobals) = postSolution
		SolutionGuid = {F5C9F319-BF95-4CF3-B044-FAAB59784CCE}
	EndGlobalSection
EndGlobal
